{
  "version": "5",
  "specifiers": {
    "npm:bootstrap@5": "5.3.8_@popperjs+core@2.11.8",
    "npm:jquery@4": "4.0.0"
  },
  "npm": {
    "@popperjs/core@2.11.8": {
      "integrity": "sha512-P1st0aksCrn9sGZhp8GMYwBnQsbvAWsZAX44oXNNvLHGqAOcoVxmjZiohstwQ7SqKnbR47akdNi+uleWD8+g6A=="
    },
    "bootstrap@5.3.8_@popperjs+core@2.11.8": {
      "integrity": "sha512-HP1SZDqaLDPwsNiqRqi5NcP0SSXciX2s9E+RyqJIIqGo+vJeN5AJVM98CXmW/Wux0nQ5L7jeWUdplCEf0Ee+tg==",
      "dependencies": [
        "@popperjs/core"
      ]
    },
    "jquery@4.0.0": {
      "integrity": "sha512-TXCHVR3Lb6TZdtw1l3RTLf8RBWVGexdxL6AC8/e0xZKEpBflBsjh9/8LXw+dkNFuOyW9B7iB3O1sP7hS0Kiacg=="
    }
  },
  "workspace": {
    "dependencies": [
      "npm:bootstrap@5",
      "npm:jquery@4"
    ]
  }
}
